
Microsoft Visual Studio Solution File, Format Version 12.00
# Visual Studio Version 16
VisualStudioVersion = 16.0.31624.102
MinimumVisualStudioVersion = 10.0.40219.1
Project("{2150E333-8FDC-42A3-9474-1A3956D46DE8}") = "src", "src", "{0353E68F-A0CA-49FE-AD35-B661319F69A6}"
EndProject
Project("{2150E333-8FDC-42A3-9474-1A3956D46DE8}") = "Building Blocks", "Building Blocks", "{52DB7E14-22BE-4730-B925-8C3845A63E48}"
EndProject
Project("{2150E333-8FDC-42A3-9474-1A3956D46DE8}") = "Services", "Services", "{DA9D3F47-F93A-4DD9-B3D9-CBAA33699327}"
EndProject
Project("{2150E333-8FDC-42A3-9474-1A3956D46DE8}") = "Web", "Web", "{C9B6211E-F6F8-4506-9C03-D7EBDD797E13}"
EndProject
Project("{2150E333-8FDC-42A3-9474-1A3956D46DE8}") = "Identidade", "Identidade", "{25160666-3590-45F9-91F3-2586B80138D8}"
EndProject
Project("{9A19103F-16F7-4668-BE54-9A1E7A4F7556}") = "NSE.Identidade.API", "src\services\NSE.Identidade.API\NSE.Identidade.API.csproj", "{C9670F67-D80D-4C42-8499-7B4086E5D5D8}"
EndProject
Project("{2150E333-8FDC-42A3-9474-1A3956D46DE8}") = "MVC", "MVC", "{8ED51386-2E5D-4675-978C-BC45C0B3EE21}"
EndProject
Project("{9A19103F-16F7-4668-BE54-9A1E7A4F7556}") = "NSE.WebApp.MVC", "src\web\NSE.WebApp.MVC\NSE.WebApp.MVC.csproj", "{60E51172-E6DF-4B1F-950C-EB8977A6D239}"
EndProject
Project("{2150E333-8FDC-42A3-9474-1A3956D46DE8}") = "Core", "Core", "{D95C1630-7AD3-43A9-A180-DE0E60BEBFDC}"
EndProject
Project("{9A19103F-16F7-4668-BE54-9A1E7A4F7556}") = "NSE.Core", "src\building blocks\NSE.Core\NSE.Core.csproj", "{0902F8FF-98A0-4152-979A-3847276F4B2F}"
EndProject
Project("{2150E333-8FDC-42A3-9474-1A3956D46DE8}") = "Carrinho", "Carrinho", "{B7F8CE18-DEDF-43C2-93E2-31F374A3F90C}"
EndProject
Project("{2150E333-8FDC-42A3-9474-1A3956D46DE8}") = "Catalogo", "Catalogo", "{1A3D58FA-3A92-48A2-B54A-56F8A91D7673}"
EndProject
Project("{2150E333-8FDC-42A3-9474-1A3956D46DE8}") = "Cliente", "Cliente", "{2F6327E9-A79C-4B21-90D5-E24F27A74FE6}"
EndProject
Project("{2150E333-8FDC-42A3-9474-1A3956D46DE8}") = "Pagamento", "Pagamento", "{96A1A6FF-AF28-4523-B75B-BE865A2DABE2}"
EndProject
Project("{2150E333-8FDC-42A3-9474-1A3956D46DE8}") = "Pedido", "Pedido", "{6C612AE6-1D65-49F0-9209-12B3AB40C311}"
EndProject
Project("{9A19103F-16F7-4668-BE54-9A1E7A4F7556}") = "NSE.Carrinho.API", "src\services\NSE.Carrinho.API\NSE.Carrinho.API.csproj", "{61F3F159-C073-4815-9DE4-D1AF29AE6E68}"
EndProject
Project("{9A19103F-16F7-4668-BE54-9A1E7A4F7556}") = "NSE.Catalogo.API", "src\services\NSE.Catalogo.API\NSE.Catalogo.API.csproj", "{0C7AFE86-CE74-4476-8088-361A8BE46141}"
EndProject
Project("{9A19103F-16F7-4668-BE54-9A1E7A4F7556}") = "NSE.Cliente.API", "src\services\NSE.Cliente.API\NSE.Cliente.API.csproj", "{5361899F-1D24-4D2C-8CCD-9096F1448F12}"
EndProject
Project("{9A19103F-16F7-4668-BE54-9A1E7A4F7556}") = "NSE.Pagamento.API", "src\services\NSE.Pagamento.API\NSE.Pagamento.API.csproj", "{99FC74E6-4AE6-4BFB-A304-6B138E239805}"
EndProject
Project("{9A19103F-16F7-4668-BE54-9A1E7A4F7556}") = "NSE.Pedido.API", "src\services\NSE.Pedido.API\NSE.Pedido.API.csproj", "{6C0533E1-17A7-4E0D-8143-C200B0CE4FE8}"
EndProject
Project("{2150E333-8FDC-42A3-9474-1A3956D46DE8}") = "Services", "Services", "{8545C7E4-F83C-4476-9F43-B14B8991FBBA}"
EndProject
Project("{FAE04EC0-301F-11D3-BF4B-00C04F79EFBC}") = "NSE.WebAPI.Core", "src\building blocks\NSE.WebAPI.Core\NSE.WebAPI.Core.csproj", "{D16EAEE9-E249-47AB-BC93-E9B774D70456}"
EndProject
Global
	GlobalSection(SolutionConfigurationPlatforms) = preSolution
		Debug|Any CPU = Debug|Any CPU
		Release|Any CPU = Release|Any CPU
	EndGlobalSection
	GlobalSection(ProjectConfigurationPlatforms) = postSolution
		{C9670F67-D80D-4C42-8499-7B4086E5D5D8}.Debug|Any CPU.ActiveCfg = Debug|Any CPU
		{C9670F67-D80D-4C42-8499-7B4086E5D5D8}.Debug|Any CPU.Build.0 = Debug|Any CPU
		{C9670F67-D80D-4C42-8499-7B4086E5D5D8}.Release|Any CPU.ActiveCfg = Release|Any CPU
		{C9670F67-D80D-4C42-8499-7B4086E5D5D8}.Release|Any CPU.Build.0 = Release|Any CPU
		{60E51172-E6DF-4B1F-950C-EB8977A6D239}.Debug|Any CPU.ActiveCfg = Debug|Any CPU
		{60E51172-E6DF-4B1F-950C-EB8977A6D239}.Debug|Any CPU.Build.0 = Debug|Any CPU
		{60E51172-E6DF-4B1F-950C-EB8977A6D239}.Release|Any CPU.ActiveCfg = Release|Any CPU
		{60E51172-E6DF-4B1F-950C-EB8977A6D239}.Release|Any CPU.Build.0 = Release|Any CPU
		{0902F8FF-98A0-4152-979A-3847276F4B2F}.Debug|Any CPU.ActiveCfg = Debug|Any CPU
		{0902F8FF-98A0-4152-979A-3847276F4B2F}.Debug|Any CPU.Build.0 = Debug|Any CPU
		{0902F8FF-98A0-4152-979A-3847276F4B2F}.Release|Any CPU.ActiveCfg = Release|Any CPU
		{0902F8FF-98A0-4152-979A-3847276F4B2F}.Release|Any CPU.Build.0 = Release|Any CPU
		{61F3F159-C073-4815-9DE4-D1AF29AE6E68}.Debug|Any CPU.ActiveCfg = Debug|Any CPU
		{61F3F159-C073-4815-9DE4-D1AF29AE6E68}.Debug|Any CPU.Build.0 = Debug|Any CPU
		{61F3F159-C073-4815-9DE4-D1AF29AE6E68}.Release|Any CPU.ActiveCfg = Release|Any CPU
		{61F3F159-C073-4815-9DE4-D1AF29AE6E68}.Release|Any CPU.Build.0 = Release|Any CPU
		{0C7AFE86-CE74-4476-8088-361A8BE46141}.Debug|Any CPU.ActiveCfg = Debug|Any CPU
		{0C7AFE86-CE74-4476-8088-361A8BE46141}.Debug|Any CPU.Build.0 = Debug|Any CPU
		{0C7AFE86-CE74-4476-8088-361A8BE46141}.Release|Any CPU.ActiveCfg = Release|Any CPU
		{0C7AFE86-CE74-4476-8088-361A8BE46141}.Release|Any CPU.Build.0 = Release|Any CPU
		{5361899F-1D24-4D2C-8CCD-9096F1448F12}.Debug|Any CPU.ActiveCfg = Debug|Any CPU
		{5361899F-1D24-4D2C-8CCD-9096F1448F12}.Debug|Any CPU.Build.0 = Debug|Any CPU
		{5361899F-1D24-4D2C-8CCD-9096F1448F12}.Release|Any CPU.ActiveCfg = Release|Any CPU
		{5361899F-1D24-4D2C-8CCD-9096F1448F12}.Release|Any CPU.Build.0 = Release|Any CPU
		{99FC74E6-4AE6-4BFB-A304-6B138E239805}.Debug|Any CPU.ActiveCfg = Debug|Any CPU
		{99FC74E6-4AE6-4BFB-A304-6B138E239805}.Debug|Any CPU.Build.0 = Debug|Any CPU
		{99FC74E6-4AE6-4BFB-A304-6B138E239805}.Release|Any CPU.ActiveCfg = Release|Any CPU
		{99FC74E6-4AE6-4BFB-A304-6B138E239805}.Release|Any CPU.Build.0 = Release|Any CPU
		{6C0533E1-17A7-4E0D-8143-C200B0CE4FE8}.Debug|Any CPU.ActiveCfg = Debug|Any CPU
		{6C0533E1-17A7-4E0D-8143-C200B0CE4FE8}.Debug|Any CPU.Build.0 = Debug|Any CPU
		{6C0533E1-17A7-4E0D-8143-C200B0CE4FE8}.Release|Any CPU.ActiveCfg = Release|Any CPU
		{6C0533E1-17A7-4E0D-8143-C200B0CE4FE8}.Release|Any CPU.Build.0 = Release|Any CPU
		{D16EAEE9-E249-47AB-BC93-E9B774D70456}.Debug|Any CPU.ActiveCfg = Debug|Any CPU
		{D16EAEE9-E249-47AB-BC93-E9B774D70456}.Debug|Any CPU.Build.0 = Debug|Any CPU
		{D16EAEE9-E249-47AB-BC93-E9B774D70456}.Release|Any CPU.ActiveCfg = Release|Any CPU
		{D16EAEE9-E249-47AB-BC93-E9B774D70456}.Release|Any CPU.Build.0 = Release|Any CPU
	EndGlobalSection
	GlobalSection(SolutionProperties) = preSolution
		HideSolutionNode = FALSE
	EndGlobalSection
	GlobalSection(NestedProjects) = preSolution
		{52DB7E14-22BE-4730-B925-8C3845A63E48} = {0353E68F-A0CA-49FE-AD35-B661319F69A6}
		{DA9D3F47-F93A-4DD9-B3D9-CBAA33699327} = {0353E68F-A0CA-49FE-AD35-B661319F69A6}
		{C9B6211E-F6F8-4506-9C03-D7EBDD797E13} = {0353E68F-A0CA-49FE-AD35-B661319F69A6}
		{25160666-3590-45F9-91F3-2586B80138D8} = {DA9D3F47-F93A-4DD9-B3D9-CBAA33699327}
		{C9670F67-D80D-4C42-8499-7B4086E5D5D8} = {25160666-3590-45F9-91F3-2586B80138D8}
		{8ED51386-2E5D-4675-978C-BC45C0B3EE21} = {C9B6211E-F6F8-4506-9C03-D7EBDD797E13}
		{60E51172-E6DF-4B1F-950C-EB8977A6D239} = {8ED51386-2E5D-4675-978C-BC45C0B3EE21}
		{D95C1630-7AD3-43A9-A180-DE0E60BEBFDC} = {52DB7E14-22BE-4730-B925-8C3845A63E48}
		{0902F8FF-98A0-4152-979A-3847276F4B2F} = {D95C1630-7AD3-43A9-A180-DE0E60BEBFDC}
		{B7F8CE18-DEDF-43C2-93E2-31F374A3F90C} = {DA9D3F47-F93A-4DD9-B3D9-CBAA33699327}
		{1A3D58FA-3A92-48A2-B54A-56F8A91D7673} = {DA9D3F47-F93A-4DD9-B3D9-CBAA33699327}
		{2F6327E9-A79C-4B21-90D5-E24F27A74FE6} = {DA9D3F47-F93A-4DD9-B3D9-CBAA33699327}
		{96A1A6FF-AF28-4523-B75B-BE865A2DABE2} = {DA9D3F47-F93A-4DD9-B3D9-CBAA33699327}
		{6C612AE6-1D65-49F0-9209-12B3AB40C311} = {DA9D3F47-F93A-4DD9-B3D9-CBAA33699327}
		{61F3F159-C073-4815-9DE4-D1AF29AE6E68} = {B7F8CE18-DEDF-43C2-93E2-31F374A3F90C}
		{0C7AFE86-CE74-4476-8088-361A8BE46141} = {1A3D58FA-3A92-48A2-B54A-56F8A91D7673}
		{5361899F-1D24-4D2C-8CCD-9096F1448F12} = {2F6327E9-A79C-4B21-90D5-E24F27A74FE6}
		{99FC74E6-4AE6-4BFB-A304-6B138E239805} = {96A1A6FF-AF28-4523-B75B-BE865A2DABE2}
		{6C0533E1-17A7-4E0D-8143-C200B0CE4FE8} = {6C612AE6-1D65-49F0-9209-12B3AB40C311}
		{8545C7E4-F83C-4476-9F43-B14B8991FBBA} = {52DB7E14-22BE-4730-B925-8C3845A63E48}
		{D16EAEE9-E249-47AB-BC93-E9B774D70456} = {8545C7E4-F83C-4476-9F43-B14B8991FBBA}
	EndGlobalSection
	GlobalSection(ExtensibilityGlobals) = postSolution
		SolutionGuid = {46C89B88-9DAE-45B1-B120-1404C7202308}
	EndGlobalSection
EndGlobal
